// !$*UTF8*$!
{
	archiveVersion = 1;
	classes = {
	};
	objectVersion = 48;
	objects = {

/* Begin PBXBuildFile section */
		BB159C5F1FA3266B00E7500D /* AppDelegate.swift in Sources */ = {isa = PBXBuildFile; fileRef = BB159C5E1FA3266B00E7500D /* AppDelegate.swift */; };
		BB159C641FA3266B00E7500D /* Main.storyboard in Resources */ = {isa = PBXBuildFile; fileRef = BB159C621FA3266B00E7500D /* Main.storyboard */; };
		BB159C661FA3266B00E7500D /* Assets.xcassets in Resources */ = {isa = PBXBuildFile; fileRef = BB159C651FA3266B00E7500D /* Assets.xcassets */; };
		BB159C691FA3266B00E7500D /* LaunchScreen.storyboard in Resources */ = {isa = PBXBuildFile; fileRef = BB159C671FA3266B00E7500D /* LaunchScreen.storyboard */; };
		BB159C711FA32CCB00E7500D /* SideBarVC.swift in Sources */ = {isa = PBXBuildFile; fileRef = BB159C701FA32CCB00E7500D /* SideBarVC.swift */; };
		BB159C731FA32D2900E7500D /* MainVC.swift in Sources */ = {isa = PBXBuildFile; fileRef = BB159C721FA32D2900E7500D /* MainVC.swift */; };
/* End PBXBuildFile section */

/* Begin PBXFileReference section */
		BB159C5B1FA3266B00E7500D /* SideBarFiddle.app */ = {isa = PBXFileReference; explicitFileType = wrapper.application; includeInIndex = 0; path = SideBarFiddle.app; sourceTree = BUILT_PRODUCTS_DIR; };
		BB159C5E1FA3266B00E7500D /* AppDelegate.swift */ = {isa = PBXFileReference; lastKnownFileType = sourcecode.swift; path = AppDelegate.swift; sourceTree = "<group>"; };
		BB159C631FA3266B00E7500D /* Base */ = {isa = PBXFileReference; lastKnownFileType = file.storyboard; name = Base; path = Base.lproj/Main.storyboard; sourceTree = "<group>"; };
		BB159C651FA3266B00E7500D /* Assets.xcassets */ = {isa = PBXFileReference; lastKnownFileType = folder.assetcatalog; path = Assets.xcassets; sourceTree = "<group>"; };
		BB159C681FA3266B00E7500D /* Base */ = {isa = PBXFileReference; lastKnownFileType = file.storyboard; name = Base; path = Base.lproj/LaunchScreen.storyboard; sourceTree = "<group>"; };
		BB159C6A1FA3266B00E7500D /* Info.plist */ = {isa = PBXFileReference; lastKnownFileType = text.plist.xml; path = Info.plist; sourceTree = "<group>"; };
		BB159C701FA32CCB00E7500D /* SideBarVC.swift */ = {isa = PBXFileReference; lastKnownFileType = sourcecode.swift; path = SideBarVC.swift; sourceTree = "<group>"; };
		BB159C721FA32D2900E7500D /* MainVC.swift */ = {isa = PBXFileReference; lastKnownFileType = sourcecode.swift; path = MainVC.swift; sourceTree = "<group>"; };
/* End PBXFileReference section */

/* Begin PBXFrameworksBuildPhase section */
		BB159C581FA3266B00E7500D /* Frameworks */ = {
			isa = PBXFrameworksBuildPhase;
			buildActionMask = 2147483647;
			files = (
			);
			runOnlyForDeploymentPostprocessing = 0;
		};
/* End PBXFrameworksBuildPhase section */

/* Begin PBXGroup section */
		BB159C521FA3266B00E7500D = {
			isa = PBXGroup;
			children = (
				BB159C5D1FA3266B00E7500D /* SideBarFiddle */,
				BB159C5C1FA3266B00E7500D /* Products */,
			);
			sourceTree = "<group>";
		};
		BB159C5C1FA3266B00E7500D /* Products */ = {
			isa = PBXGroup;
			children = (
				BB159C5B1FA3266B00E7500D /* SideBarFiddle.app */,
			);
			name = Products;
			sourceTree = "<group>";
		};
		BB159C5D1FA3266B00E7500D /* SideBarFiddle */ = {
			isa = PBXGroup;
			children = (
				BB159C621FA3266B00E7500D /* Main.storyboard */,
				BB159C701FA32CCB00E7500D /* SideBarVC.swift */,
				BB159C721FA32D2900E7500D /* MainVC.swift */,
				BB159C5E1FA3266B00E7500D /* AppDelegate.swift */,
				BB159C651FA3266B00E7500D /* Assets.xcassets */,
				BB159C671FA3266B00E7500D /* LaunchScreen.storyboard */,
				BB159C6A1FA3266B00E7500D /* Info.plist */,
			);
			path = SideBarFiddle;
			sourceTree = "<group>";
		};
/* End PBXGroup section */

/* Begin PBXNativeTarget section */
		BB159C5A1FA3266B00E7500D /* SideBarFiddle */ = {
			isa = PBXNativeTarget;
			buildConfigurationList = BB159C6D1FA3266B00E7500D /* Build configuration list for PBXNativeTarget "SideBarFiddle" */;
			buildPhases = (
				BB159C571FA3266B00E7500D /* Sources */,
				BB159C581FA3266B00E7500D /* Frameworks */,
				BB159C591FA3266B00E7500D /* Resources */,
			);
			buildRules = (
			);
			dependencies = (
			);
			name = SideBarFiddle;
			productName = SideBarFiddle;
			productReference = BB159C5B1FA3266B00E7500D /* SideBarFiddle.app */;
			productType = "com.apple.product-type.application";
		};
/* End PBXNativeTarget section */

/* Begin PBXProject section */
		BB159C531FA3266B00E7500D /* Project object */ = {
			isa = PBXProject;
			attributes = {
				LastSwiftUpdateCheck = 0900;
				LastUpgradeCheck = 0900;
				ORGANIZATIONNAME = "Pavel Peroutka";
				TargetAttributes = {
					BB159C5A1FA3266B00E7500D = {
						CreatedOnToolsVersion = 9.0.1;
						ProvisioningStyle = Automatic;
					};
				};
			};
			buildConfigurationList = BB159C561FA3266B00E7500D /* Build configuration list for PBXProject "SideBarFiddle" */;
			compatibilityVersion = "Xcode 8.0";
			developmentRegion = en;
			hasScannedForEncodings = 0;
			knownRegions = (
				en,
				Base,
			);
			mainGroup = BB159C521FA3266B00E7500D;
			productRefGroup = BB159C5C1FA3266B00E7500D /* Products */;
			projectDirPath = "";
			projectRoot = "";
			targets = (
				BB159C5A1FA3266B00E7500D /* SideBarFiddle */,
			);
		};
/* End PBXProject section */

/* Begin PBXResourcesBuildPhase section */
		BB159C591FA3266B00E7500D /* Resources */ = {
			isa = PBXResourcesBuildPhase;
			buildActionMask = 2147483647;
			files = (
				BB159C691FA3266B00E7500D /* LaunchScreen.storyboard in Resources */,
				BB159C661FA3266B00E7500D /* Assets.xcassets in Resources */,
				BB159C641FA3266B00E7500D /* Main.storyboard in Resources */,
			);
			runOnlyForDeploymentPostprocessing = 0;
		};
/* End PBXResourcesBuildPhase section */

/* Begin PBXSourcesBuildPhase section */
		BB159C571FA3266B00E7500D /* Sources */ = {
			isa = PBXSourcesBuildPhase;
			buildActionMask = 2147483647;
			files = (
				BB159C5F1FA3266B00E7500D /* AppDelegate.swift in Sources */,
				BB159C731FA32D2900E7500D /* MainVC.swift in Sources */,
				BB159C711FA32CCB00E7500D /* SideBarVC.swift in Sources */,
			);
			runOnlyForDeploymentPostprocessing = 0;
		};
/* End PBXSourcesBuildPhase section */

/* Begin PBXVariantGroup section */
		BB159C621FA3266B00E7500D /* Main.storyboard */ = {
			isa = PBXVariantGroup;
			children = (
				BB159C631FA3266B00E7500D /* Base */,
			);
			name = Main.storyboard;
			sourceTree = "<group>";
		};
		BB159C671FA3266B00E7500D /* LaunchScreen.storyboard */ = {
			isa = PBXVariantGroup;
			children = (
				BB159C681FA3266B00E7500D /* Base */,
			);
			name = LaunchScreen.storyboard;
			sourceTree = "<group>";
		};
/* End PBXVariantGroup section */

/* Begin XCBuildConfiguration section */
		BB159C6B1FA3266B00E7500D /* Debug */ = {
			isa = XCBuildConfiguration;
			buildSettings = {
				ALWAYS_SEARCH_USER_PATHS = NO;
				CLANG_ANALYZER_NONNULL = YES;
				CLANG_ANALYZER_NUMBER_OBJECT_CONVERSION = YES_AGGRESSIVE;
				CLANG_CXX_LANGUAGE_STANDARD = "gnu++14";
				CLANG_CXX_LIBRARY = "libc++";
				CLANG_ENABLE_MODULES = YES;
				CLANG_ENABLE_OBJC_ARC = YES;
				CLANG_WARN_BLOCK_CAPTURE_AUTORELEASING = YES;
				CLANG_WARN_BOOL_CONVERSION = YES;
				CLANG_WARN_COMMA = YES;
				CLANG_WARN_CONSTANT_CONVERSION = YES;
				CLANG_WARN_DIRECT_OBJC_ISA_USAGE = YES_ERROR;
				CLANG_WARN_DOCUMENTATION_COMMENTS = YES;
				CLANG_WARN_EMPTY_BODY = YES;
				CLANG_WARN_ENUM_CONVERSION = YES;
				CLANG_WARN_INFINITE_RECURSION = YES;
				CLANG_WARN_INT_CONVERSION = YES;
				CLANG_WARN_NON_LITERAL_NULL_CONVERSION = YES;
				CLANG_WARN_OBJC_LITERAL_CONVERSION = YES;
				CLANG_WARN_OBJC_ROOT_CLASS = YES_ERROR;
				CLANG_WARN_RANGE_LOOP_ANALYSIS = YES;
				CLANG_WARN_STRICT_PROTOTYPES = YES;
				CLANG_WARN_SUSPICIOUS_MOVE = YES;
				CLANG_WARN_UNGUARDED_AVAILABILITY = YES_AGGRESSIVE;
				CLANG_WARN_UNREACHABLE_CODE = YES;
				CLANG_WARN__DUPLICATE_METHOD_MATCH = YES;
				CODE_SIGN_IDENTITY = "iPhone Developer";
				COPY_PHASE_STRIP = NO;
				DEBUG_INFORMATION_FORMAT = dwarf;
				ENABLE_STRICT_OBJC_MSGSEND = YES;
				ENABLE_TESTABILITY = YES;
				GCC_C_LANGUAGE_STANDARD = gnu11;
				GCC_DYNAMIC_NO_PIC = NO;
				GCC_NO_COMMON_BLOCKS = YES;
				GCC_OPTIMIZATION_LEVEL = 0;
				GCC_PREPROCESSOR_DEFINITIONS = (
					"DEBUG=1",
					"$(inherited)",
				);
				GCC_WARN_64_TO_32_BIT_CONVERSION = YES;
				GCC_WARN_ABOUT_RETURN_TYPE = YES_ERROR;
				GCC_WARN_UNDECLARED_SELECTOR = YES;
				GCC_WARN_UNINITIALIZED_AUTOS = YES_AGGRESSIVE;
				GCC_WARN_UNUSED_FUNCTION = YES;
				GCC_WARN_UNUSED_VARIABLE = YES;
				IPHONEOS_DEPLOYMENT_TARGET = 11.0;
				MTL_ENABLE_DEBUG_INFO = YES;
				ONLY_ACTIVE_ARCH = YES;
				SDKROOT = iphoneos;
				SWIFT_ACTIVE_COMPILATION_CONDITIONS = DEBUG;
				SWIFT_OPTIMIZATION_LEVEL = "-Onone";
			};
			name = Debug;
		};
		BB159C6C1FA3266B00E7500D /* Release */ = {
			isa = XCBuildConfiguration;
			buildSettings = {
				ALWAYS_SEARCH_USER_PATHS = NO;
				CLANG_ANALYZER_NONNULL = YES;
				CLANG_ANALYZER_NUMBER_OBJECT_CONVERSION = YES_AGGRESSIVE;
				CLANG_CXX_LANGUAGE_STANDARD = "gnu++14";
				CLANG_CXX_LIBRARY = "libc++";
				CLANG_ENABLE_MODULES = YES;
				CLANG_ENABLE_OBJC_ARC = YES;
				CLANG_WARN_BLOCK_CAPTURE_AUTORELEASING = YES;
				CLANG_WARN_BOOL_CONVERSION = YES;
				CLANG_WARN_COMMA = YES;
				CLANG_WARN_CONSTANT_CONVERSION = YES;
				CLANG_WARN_DIRECT_OBJC_ISA_USAGE = YES_ERROR;
				CLANG_WARN_DOCUMENTATION_COMMENTS = YES;
				CLANG_WARN_EMPTY_BODY = YES;
				CLANG_WARN_ENUM_CONVERSION = YES;
				CLANG_WARN_INFINITE_RECURSION = YES;
				CLANG_WARN_INT_CONVERSION = YES;
				CLANG_WARN_NON_LITERAL_NULL_CONVERSION = YES;
				CLANG_WARN_OBJC_LITERAL_CONVERSION = YES;
				CLANG_WARN_OBJC_ROOT_CLASS = YES_ERROR;
				CLANG_WARN_RANGE_LOOP_ANALYSIS = YES;
				CLANG_WARN_STRICT_PROTOTYPES = YES;
				CLANG_WARN_SUSPICIOUS_MOVE = YES;
				CLANG_WARN_UNGUARDED_AVAILABILITY = YES_AGGRESSIVE;
				CLANG_WARN_UNREACHABLE_CODE = YES;
				CLANG_WARN__DUPLICATE_METHOD_MATCH = YES;
				CODE_SIGN_IDENTITY = "iPhone Developer";
				COPY_PHASE_STRIP = NO;
				DEBUG_INFORMATION_FORMAT = "dwarf-with-dsym";
				ENABLE_NS_ASSERTIONS = NO;
				ENABLE_STRICT_OBJC_MSGSEND = YES;
				GCC_C_LANGUAGE_STANDARD = gnu11;
				GCC_NO_COMMON_BLOCKS = YES;
				GCC_WARN_64_TO_32_BIT_CONVERSION = YES;
				GCC_WARN_ABOUT_RETURN_TYPE = YES_ERROR;
				GCC_WARN_UNDECLARED_SELECTOR = YES;
				GCC_WARN_UNINITIALIZED_AUTOS = YES_AGGRESSIVE;
				GCC_WARN_UNUSED_FUNCTION = YES;
				GCC_WARN_UNUSED_VARIABLE = YES;
				IPHONEOS_DEPLOYMENT_TARGET = 11.0;
				MTL_ENABLE_DEBUG_INFO = NO;
				SDKROOT = iphoneos;
				SWIFT_OPTIMIZATION_LEVEL = "-Owholemodule";
				VALIDATE_PRODUCT = YES;
			};
			name = Release;
		};
		BB159C6E1FA3266B00E7500D /* Debug */ = {
			isa = XCBuildConfiguration;
			buildSettings = {
				ASSETCATALOG_COMPILER_APPICON_NAME = AppIcon;
				CODE_SIGN_STYLE = Automatic;
				DEVELOPMENT_TEAM = EB226A97TZ;
				INFOPLIST_FILE = SideBarFiddle/Info.plist;
				LD_RUNPATH_SEARCH_PATHS = "$(inherited) @executable_path/Frameworks";
				PRODUCT_BUNDLE_IDENTIFIER = cz.pavelperoutka.SideBarFiddle;
				PRODUCT_NAME = "$(TARGET_NAME)";
				SWIFT_VERSION = 4.0;
				TARGETED_DEVICE_FAMILY = "1,2";
			};
			name = Debug;
		};
		BB159C6F1FA3266B00E7500D /* Release */ = {
			isa = XCBuildConfiguration;
			buildSettings = {
				ASSETCATALOG_COMPILER_APPICON_NAME = AppIcon;
				CODE_SIGN_STYLE = Automatic;
				DEVELOPMENT_TEAM = EB226A97TZ;
				INFOPLIST_FILE = SideBarFiddle/Info.plist;
				LD_RUNPATH_SEARCH_PATHS = "$(inherited) @executable_path/Frameworks";
				PRODUCT_BUNDLE_IDENTIFIER = cz.pavelperoutka.SideBarFiddle;
				PRODUCT_NAME = "$(TARGET_NAME)";
				SWIFT_VERSION = 4.0;
				TARGETED_DEVICE_FAMILY = "1,2";
			};
			name = Release;
		};
/* End XCBuildConfiguration section */

/* Begin XCConfigurationList section */
		BB159C561FA3266B00E7500D /* Build configuration list for PBXProject "SideBarFiddle" */ = {
			isa = XCConfigurationList;
			buildConfigurations = (
				BB159C6B1FA3266B00E7500D /* Debug */,
				BB159C6C1FA3266B00E7500D /* Release */,
			);
			defaultConfigurationIsVisible = 0;
			defaultConfigurationName = Release;
		};
		BB159C6D1FA3266B00E7500D /* Build configuration list for PBXNativeTarget "SideBarFiddle" */ = {
			isa = XCConfigurationList;
			buildConfigurations = (
				BB159C6E1FA3266B00E7500D /* Debug */,
				BB159C6F1FA3266B00E7500D /* Release */,
			);
			defaultConfigurationIsVisible = 0;
			defaultConfigurationName = Release;
		};
/* End XCConfigurationList section */
	};
	rootObject = BB159C531FA3266B00E7500D /* Project object */;
}
